
Microsoft Visual Studio Solution File, Format Version 12.00
# Visual Studio 15
VisualStudioVersion = 15.0.27703.2035
MinimumVisualStudioVersion = 10.0.40219.1
Project("{FAE04EC0-301F-11D3-BF4B-00C04F79EFBC}") = "XFRecursos.Android", "XFRecursos\XFRecursos.Android\XFRecursos.Android.csproj", "{19D07AB8-C0C6-443C-B266-262BA8AF7DDB}"
EndProject
Project("{FAE04EC0-301F-11D3-BF4B-00C04F79EFBC}") = "XFRecursos.iOS", "XFRecursos\XFRecursos.iOS\XFRecursos.iOS.csproj", "{5572E69D-C7F3-4F6C-8470-D920A466C6BE}"
EndProject
Project("{FAE04EC0-301F-11D3-BF4B-00C04F79EFBC}") = "XFRecursos", "XFRecursos\XFRecursos\XFRecursos.csproj", "{1C426515-1836-4350-B05A-147A555D57EE}"
EndProject
Global
	GlobalSection(SolutionConfigurationPlatforms) = preSolution
		Ad-Hoc|Any CPU = Ad-Hoc|Any CPU
		Ad-Hoc|iPhone = Ad-Hoc|iPhone
		Ad-Hoc|iPhoneSimulator = Ad-Hoc|iPhoneSimulator
		AppStore|Any CPU = AppStore|Any CPU
		AppStore|iPhone = AppStore|iPhone
		AppStore|iPhoneSimulator = AppStore|iPhoneSimulator
		Debug|Any CPU = Debug|Any CPU
		Debug|iPhone = Debug|iPhone
		Debug|iPhoneSimulator = Debug|iPhoneSimulator
		Release|Any CPU = Release|Any CPU
		Release|iPhone = Release|iPhone
		Release|iPhoneSimulator = Release|iPhoneSimulator
	EndGlobalSection
	GlobalSection(ProjectConfigurationPlatforms) = postSolution
		{19D07AB8-C0C6-443C-B266-262BA8AF7DDB}.Ad-Hoc|Any CPU.ActiveCfg = Release|Any CPU
		{19D07AB8-C0C6-443C-B266-262BA8AF7DDB}.Ad-Hoc|Any CPU.Build.0 = Release|Any CPU
		{19D07AB8-C0C6-443C-B266-262BA8AF7DDB}.Ad-Hoc|Any CPU.Deploy.0 = Release|Any CPU
		{19D07AB8-C0C6-443C-B266-262BA8AF7DDB}.Ad-Hoc|iPhone.ActiveCfg = Release|Any CPU
		{19D07AB8-C0C6-443C-B266-262BA8AF7DDB}.Ad-Hoc|iPhone.Build.0 = Release|Any CPU
		{19D07AB8-C0C6-443C-B266-262BA8AF7DDB}.Ad-Hoc|iPhone.Deploy.0 = Release|Any CPU
		{19D07AB8-C0C6-443C-B266-262BA8AF7DDB}.Ad-Hoc|iPhoneSimulator.ActiveCfg = Release|Any CPU
		{19D07AB8-C0C6-443C-B266-262BA8AF7DDB}.Ad-Hoc|iPhoneSimulator.Build.0 = Release|Any CPU
		{19D07AB8-C0C6-443C-B266-262BA8AF7DDB}.Ad-Hoc|iPhoneSimulator.Deploy.0 = Release|Any CPU
		{19D07AB8-C0C6-443C-B266-262BA8AF7DDB}.AppStore|Any CPU.ActiveCfg = Release|Any CPU
		{19D07AB8-C0C6-443C-B266-262BA8AF7DDB}.AppStore|Any CPU.Build.0 = Release|Any CPU
		{19D07AB8-C0C6-443C-B266-262BA8AF7DDB}.AppStore|Any CPU.Deploy.0 = Release|Any CPU
		{19D07AB8-C0C6-443C-B266-262BA8AF7DDB}.AppStore|iPhone.ActiveCfg = Release|Any CPU
		{19D07AB8-C0C6-443C-B266-262BA8AF7DDB}.AppStore|iPhone.Build.0 = Release|Any CPU
		{19D07AB8-C0C6-443C-B266-262BA8AF7DDB}.AppStore|iPhone.Deploy.0 = Release|Any CPU
		{19D07AB8-C0C6-443C-B266-262BA8AF7DDB}.AppStore|iPhoneSimulator.ActiveCfg = Release|Any CPU
		{19D07AB8-C0C6-443C-B266-262BA8AF7DDB}.AppStore|iPhoneSimulator.Build.0 = Release|Any CPU
		{19D07AB8-C0C6-443C-B266-262BA8AF7DDB}.AppStore|iPhoneSimulator.Deploy.0 = Release|Any CPU
		{19D07AB8-C0C6-443C-B266-262BA8AF7DDB}.Debug|Any CPU.ActiveCfg = Debug|Any CPU
		{19D07AB8-C0C6-443C-B266-262BA8AF7DDB}.Debug|Any CPU.Build.0 = Debug|Any CPU
		{19D07AB8-C0C6-443C-B266-262BA8AF7DDB}.Debug|Any CPU.Deploy.0 = Debug|Any CPU
		{19D07AB8-C0C6-443C-B266-262BA8AF7DDB}.Debug|iPhone.ActiveCfg = Debug|Any CPU
		{19D07AB8-C0C6-443C-B266-262BA8AF7DDB}.Debug|iPhone.Build.0 = Debug|Any CPU
		{19D07AB8-C0C6-443C-B266-262BA8AF7DDB}.Debug|iPhone.Deploy.0 = Debug|Any CPU
		{19D07AB8-C0C6-443C-B266-262BA8AF7DDB}.Debug|iPhoneSimulator.ActiveCfg = Debug|Any CPU
		{19D07AB8-C0C6-443C-B266-262BA8AF7DDB}.Debug|iPhoneSimulator.Build.0 = Debug|Any CPU
		{19D07AB8-C0C6-443C-B266-262BA8AF7DDB}.Debug|iPhoneSimulator.Deploy.0 = Debug|Any CPU
		{19D07AB8-C0C6-443C-B266-262BA8AF7DDB}.Release|Any CPU.ActiveCfg = Release|Any CPU
		{19D07AB8-C0C6-443C-B266-262BA8AF7DDB}.Release|Any CPU.Build.0 = Release|Any CPU
		{19D07AB8-C0C6-443C-B266-262BA8AF7DDB}.Release|Any CPU.Deploy.0 = Release|Any CPU
		{19D07AB8-C0C6-443C-B266-262BA8AF7DDB}.Release|iPhone.ActiveCfg = Release|Any CPU
		{19D07AB8-C0C6-443C-B266-262BA8AF7DDB}.Release|iPhone.Build.0 = Release|Any CPU
		{19D07AB8-C0C6-443C-B266-262BA8AF7DDB}.Release|iPhone.Deploy.0 = Release|Any CPU
		{19D07AB8-C0C6-443C-B266-262BA8AF7DDB}.Release|iPhoneSimulator.ActiveCfg = Release|Any CPU
		{19D07AB8-C0C6-443C-B266-262BA8AF7DDB}.Release|iPhoneSimulator.Build.0 = Release|Any CPU
		{19D07AB8-C0C6-443C-B266-262BA8AF7DDB}.Release|iPhoneSimulator.Deploy.0 = Release|Any CPU
		{5572E69D-C7F3-4F6C-8470-D920A466C6BE}.Ad-Hoc|Any CPU.ActiveCfg = Ad-Hoc|iPhone
		{5572E69D-C7F3-4F6C-8470-D920A466C6BE}.Ad-Hoc|Any CPU.Build.0 = Ad-Hoc|iPhone
		{5572E69D-C7F3-4F6C-8470-D920A466C6BE}.Ad-Hoc|Any CPU.Deploy.0 = Ad-Hoc|iPhone
		{5572E69D-C7F3-4F6C-8470-D920A466C6BE}.Ad-Hoc|iPhone.ActiveCfg = Ad-Hoc|iPhone
		{5572E69D-C7F3-4F6C-8470-D920A466C6BE}.Ad-Hoc|iPhone.Build.0 = Ad-Hoc|iPhone
		{5572E69D-C7F3-4F6C-8470-D920A466C6BE}.Ad-Hoc|iPhone.Deploy.0 = Ad-Hoc|iPhone
		{5572E69D-C7F3-4F6C-8470-D920A466C6BE}.Ad-Hoc|iPhoneSimulator.ActiveCfg = Ad-Hoc|iPhoneSimulator
		{5572E69D-C7F3-4F6C-8470-D920A466C6BE}.Ad-Hoc|iPhoneSimulator.Build.0 = Ad-Hoc|iPhoneSimulator
		{5572E69D-C7F3-4F6C-8470-D920A466C6BE}.Ad-Hoc|iPhoneSimulator.Deploy.0 = Ad-Hoc|iPhoneSimulator
		{5572E69D-C7F3-4F6C-8470-D920A466C6BE}.AppStore|Any CPU.ActiveCfg = AppStore|iPhone
		{5572E69D-C7F3-4F6C-8470-D920A466C6BE}.AppStore|Any CPU.Build.0 = AppStore|iPhone
		{5572E69D-C7F3-4F6C-8470-D920A466C6BE}.AppStore|Any CPU.Deploy.0 = AppStore|iPhone
		{5572E69D-C7F3-4F6C-8470-D920A466C6BE}.AppStore|iPhone.ActiveCfg = AppStore|iPhone
		{5572E69D-C7F3-4F6C-8470-D920A466C6BE}.AppStore|iPhone.Build.0 = AppStore|iPhone
		{5572E69D-C7F3-4F6C-8470-D920A466C6BE}.AppStore|iPhone.Deploy.0 = AppStore|iPhone
		{5572E69D-C7F3-4F6C-8470-D920A466C6BE}.AppStore|iPhoneSimulator.ActiveCfg = AppStore|iPhoneSimulator
		{5572E69D-C7F3-4F6C-8470-D920A466C6BE}.AppStore|iPhoneSimulator.Build.0 = AppStore|iPhoneSimulator
		{5572E69D-C7F3-4F6C-8470-D920A466C6BE}.AppStore|iPhoneSimulator.Deploy.0 = AppStore|iPhoneSimulator
		{5572E69D-C7F3-4F6C-8470-D920A466C6BE}.Debug|Any CPU.ActiveCfg = Debug|iPhoneSimulator
		{5572E69D-C7F3-4F6C-8470-D920A466C6BE}.Debug|Any CPU.Build.0 = Debug|iPhoneSimulator
		{5572E69D-C7F3-4F6C-8470-D920A466C6BE}.Debug|Any CPU.Deploy.0 = Debug|iPhoneSimulator
		{5572E69D-C7F3-4F6C-8470-D920A466C6BE}.Debug|iPhone.ActiveCfg = Debug|iPhone
		{5572E69D-C7F3-4F6C-8470-D920A466C6BE}.Debug|iPhone.Build.0 = Debug|iPhone
		{5572E69D-C7F3-4F6C-8470-D920A466C6BE}.Debug|iPhone.Deploy.0 = Debug|iPhone
		{5572E69D-C7F3-4F6C-8470-D920A466C6BE}.Debug|iPhoneSimulator.ActiveCfg = Debug|iPhoneSimulator
		{5572E69D-C7F3-4F6C-8470-D920A466C6BE}.Debug|iPhoneSimulator.Build.0 = Debug|iPhoneSimulator
		{5572E69D-C7F3-4F6C-8470-D920A466C6BE}.Debug|iPhoneSimulator.Deploy.0 = Debug|iPhoneSimulator
		{5572E69D-C7F3-4F6C-8470-D920A466C6BE}.Release|Any CPU.ActiveCfg = Release|iPhone
		{5572E69D-C7F3-4F6C-8470-D920A466C6BE}.Release|Any CPU.Build.0 = Release|iPhone
		{5572E69D-C7F3-4F6C-8470-D920A466C6BE}.Release|Any CPU.Deploy.0 = Release|iPhone
		{5572E69D-C7F3-4F6C-8470-D920A466C6BE}.Release|iPhone.ActiveCfg = Release|iPhone
		{5572E69D-C7F3-4F6C-8470-D920A466C6BE}.Release|iPhone.Build.0 = Release|iPhone
		{5572E69D-C7F3-4F6C-8470-D920A466C6BE}.Release|iPhone.Deploy.0 = Release|iPhone
		{5572E69D-C7F3-4F6C-8470-D920A466C6BE}.Release|iPhoneSimulator.ActiveCfg = Release|iPhoneSimulator
		{5572E69D-C7F3-4F6C-8470-D920A466C6BE}.Release|iPhoneSimulator.Build.0 = Release|iPhoneSimulator
		{5572E69D-C7F3-4F6C-8470-D920A466C6BE}.Release|iPhoneSimulator.Deploy.0 = Release|iPhoneSimulator
		{1C426515-1836-4350-B05A-147A555D57EE}.Ad-Hoc|Any CPU.ActiveCfg = Debug|Any CPU
		{1C426515-1836-4350-B05A-147A555D57EE}.Ad-Hoc|Any CPU.Build.0 = Debug|Any CPU
		{1C426515-1836-4350-B05A-147A555D57EE}.Ad-Hoc|Any CPU.Deploy.0 = Debug|Any CPU
		{1C426515-1836-4350-B05A-147A555D57EE}.Ad-Hoc|iPhone.ActiveCfg = Debug|Any CPU
		{1C426515-1836-4350-B05A-147A555D57EE}.Ad-Hoc|iPhone.Build.0 = Debug|Any CPU
		{1C426515-1836-4350-B05A-147A555D57EE}.Ad-Hoc|iPhone.Deploy.0 = Debug|Any CPU
		{1C426515-1836-4350-B05A-147A555D57EE}.Ad-Hoc|iPhoneSimulator.ActiveCfg = Debug|Any CPU
		{1C426515-1836-4350-B05A-147A555D57EE}.Ad-Hoc|iPhoneSimulator.Build.0 = Debug|Any CPU
		{1C426515-1836-4350-B05A-147A555D57EE}.Ad-Hoc|iPhoneSimulator.Deploy.0 = Debug|Any CPU
		{1C426515-1836-4350-B05A-147A555D57EE}.AppStore|Any CPU.ActiveCfg = Debug|Any CPU
		{1C426515-1836-4350-B05A-147A555D57EE}.AppStore|Any CPU.Build.0 = Debug|Any CPU
		{1C426515-1836-4350-B05A-147A555D57EE}.AppStore|Any CPU.Deploy.0 = Debug|Any CPU
		{1C426515-1836-4350-B05A-147A555D57EE}.AppStore|iPhone.ActiveCfg = Debug|Any CPU
		{1C426515-1836-4350-B05A-147A555D57EE}.AppStore|iPhone.Build.0 = Debug|Any CPU
		{1C426515-1836-4350-B05A-147A555D57EE}.AppStore|iPhone.Deploy.0 = Debug|Any CPU
		{1C426515-1836-4350-B05A-147A555D57EE}.AppStore|iPhoneSimulator.ActiveCfg = Debug|Any CPU
		{1C426515-1836-4350-B05A-147A555D57EE}.AppStore|iPhoneSimulator.Build.0 = Debug|Any CPU
		{1C426515-1836-4350-B05A-147A555D57EE}.AppStore|iPhoneSimulator.Deploy.0 = Debug|Any CPU
		{1C426515-1836-4350-B05A-147A555D57EE}.Debug|Any CPU.ActiveCfg = Debug|Any CPU
		{1C426515-1836-4350-B05A-147A555D57EE}.Debug|Any CPU.Build.0 = Debug|Any CPU
		{1C426515-1836-4350-B05A-147A555D57EE}.Debug|Any CPU.Deploy.0 = Debug|Any CPU
		{1C426515-1836-4350-B05A-147A555D57EE}.Debug|iPhone.ActiveCfg = Debug|Any CPU
		{1C426515-1836-4350-B05A-147A555D57EE}.Debug|iPhone.Build.0 = Debug|Any CPU
		{1C426515-1836-4350-B05A-147A555D57EE}.Debug|iPhone.Deploy.0 = Debug|Any CPU
		{1C426515-1836-4350-B05A-147A555D57EE}.Debug|iPhoneSimulator.ActiveCfg = Debug|Any CPU
		{1C426515-1836-4350-B05A-147A555D57EE}.Debug|iPhoneSimulator.Build.0 = Debug|Any CPU
		{1C426515-1836-4350-B05A-147A555D57EE}.Debug|iPhoneSimulator.Deploy.0 = Debug|Any CPU
		{1C426515-1836-4350-B05A-147A555D57EE}.Release|Any CPU.ActiveCfg = Release|Any CPU
		{1C426515-1836-4350-B05A-147A555D57EE}.Release|Any CPU.Build.0 = Release|Any CPU
		{1C426515-1836-4350-B05A-147A555D57EE}.Release|Any CPU.Deploy.0 = Release|Any CPU
		{1C426515-1836-4350-B05A-147A555D57EE}.Release|iPhone.ActiveCfg = Release|Any CPU
		{1C426515-1836-4350-B05A-147A555D57EE}.Release|iPhone.Build.0 = Release|Any CPU
		{1C426515-1836-4350-B05A-147A555D57EE}.Release|iPhone.Deploy.0 = Release|Any CPU
		{1C426515-1836-4350-B05A-147A555D57EE}.Release|iPhoneSimulator.ActiveCfg = Release|Any CPU
		{1C426515-1836-4350-B05A-147A555D57EE}.Release|iPhoneSimulator.Build.0 = Release|Any CPU
		{1C426515-1836-4350-B05A-147A555D57EE}.Release|iPhoneSimulator.Deploy.0 = Release|Any CPU
	EndGlobalSection
	GlobalSection(SolutionProperties) = preSolution
		HideSolutionNode = FALSE
	EndGlobalSection
	GlobalSection(ExtensibilityGlobals) = postSolution
		SolutionGuid = {D8E859C6-BD0D-4428-9DF4-91F23F15595C}
	EndGlobalSection
EndGlobal
